// !$*UTF8*$!
{
	archiveVersion = 1;
	classes = {
	};
	objectVersion = 46;
	objects = {

/* Begin PBXBuildFile section */
		892FDE9A1EB2152600B1A333 /* AppDelegate.swift in Sources */ = {isa = PBXBuildFile; fileRef = 892FDE991EB2152600B1A333 /* AppDelegate.swift */; };
		892FDE9C1EB2152600B1A333 /* MainTvController.swift in Sources */ = {isa = PBXBuildFile; fileRef = 892FDE9B1EB2152600B1A333 /* MainTvController.swift */; };
		892FDE9F1EB2152600B1A333 /* Main.storyboard in Resources */ = {isa = PBXBuildFile; fileRef = 892FDE9D1EB2152600B1A333 /* Main.storyboard */; };
		892FDEA11EB2152600B1A333 /* Assets.xcassets in Resources */ = {isa = PBXBuildFile; fileRef = 892FDEA01EB2152600B1A333 /* Assets.xcassets */; };
		892FDF621EB3959E00B1A333 /* CellCharacter.xib in Resources */ = {isa = PBXBuildFile; fileRef = 892FDF611EB3959E00B1A333 /* CellCharacter.xib */; };
		892FDF641EB395B300B1A333 /* CellLogs.xib in Resources */ = {isa = PBXBuildFile; fileRef = 892FDF631EB395B300B1A333 /* CellLogs.xib */; };
		892FDF661EB396A800B1A333 /* CellCharacter.swift in Sources */ = {isa = PBXBuildFile; fileRef = 892FDF651EB396A800B1A333 /* CellCharacter.swift */; };
		892FDF681EB396CD00B1A333 /* CellLogs.swift in Sources */ = {isa = PBXBuildFile; fileRef = 892FDF671EB396CD00B1A333 /* CellLogs.swift */; };
		892FDF6A1EB3CC2300B1A333 /* CellMap.xib in Resources */ = {isa = PBXBuildFile; fileRef = 892FDF691EB3CC2300B1A333 /* CellMap.xib */; };
		892FDF6C1EB3CC4500B1A333 /* CellMap.swift in Sources */ = {isa = PBXBuildFile; fileRef = 892FDF6B1EB3CC4500B1A333 /* CellMap.swift */; };
		892FDF6E1EB3DE9100B1A333 /* CellChart.swift in Sources */ = {isa = PBXBuildFile; fileRef = 892FDF6D1EB3DE9100B1A333 /* CellChart.swift */; };
		892FDF701EB3DE9D00B1A333 /* CellChart.xib in Resources */ = {isa = PBXBuildFile; fileRef = 892FDF6F1EB3DE9D00B1A333 /* CellChart.xib */; };
		898E4F5B1ED5CB79006A826B /* CellBlue.swift in Sources */ = {isa = PBXBuildFile; fileRef = 898E4F5A1ED5CB79006A826B /* CellBlue.swift */; };
		898E4F5F1ED5CBC6006A826B /* CellGreen.swift in Sources */ = {isa = PBXBuildFile; fileRef = 898E4F5E1ED5CBC6006A826B /* CellGreen.swift */; };
		898E4F631ED5CC1B006A826B /* CellYellow.swift in Sources */ = {isa = PBXBuildFile; fileRef = 898E4F621ED5CC1B006A826B /* CellYellow.swift */; };
		898E4F671ED5CCCD006A826B /* CellBlue.xib in Resources */ = {isa = PBXBuildFile; fileRef = 898E4F661ED5CCCD006A826B /* CellBlue.xib */; };
		898E4F691ED5CCE8006A826B /* CellGreen.xib in Resources */ = {isa = PBXBuildFile; fileRef = 898E4F681ED5CCE8006A826B /* CellGreen.xib */; };
		898E4F6B1ED5CCFC006A826B /* CellYellow.xib in Resources */ = {isa = PBXBuildFile; fileRef = 898E4F6A1ED5CCFC006A826B /* CellYellow.xib */; };
		89D4A7781EB6D6E70006E05D /* ProtocolCellRealTime.swift in Sources */ = {isa = PBXBuildFile; fileRef = 89D4A7771EB6D6E70006E05D /* ProtocolCellRealTime.swift */; };
		DEBE8610EB791A2522D06F93 /* Pods_Example.framework in Frameworks */ = {isa = PBXBuildFile; fileRef = 54D3B896D8F4A47D3E4D1AD3 /* Pods_Example.framework */; };
/* End PBXBuildFile section */

/* Begin PBXFileReference section */
		450A321AC53E42C7B0D358BE /* Pods-Example.debug.xcconfig */ = {isa = PBXFileReference; includeInIndex = 1; lastKnownFileType = text.xcconfig; name = "Pods-Example.debug.xcconfig"; path = "../Pods/Target Support Files/Pods-Example/Pods-Example.debug.xcconfig"; sourceTree = "<group>"; };
		4F0AAF96849269608D62609C /* Pods-Example.release.xcconfig */ = {isa = PBXFileReference; includeInIndex = 1; lastKnownFileType = text.xcconfig; name = "Pods-Example.release.xcconfig"; path = "../Pods/Target Support Files/Pods-Example/Pods-Example.release.xcconfig"; sourceTree = "<group>"; };
		54D3B896D8F4A47D3E4D1AD3 /* Pods_Example.framework */ = {isa = PBXFileReference; explicitFileType = wrapper.framework; includeInIndex = 0; path = Pods_Example.framework; sourceTree = BUILT_PRODUCTS_DIR; };
		892FDE961EB2152600B1A333 /* Example.app */ = {isa = PBXFileReference; explicitFileType = wrapper.application; includeInIndex = 0; path = Example.app; sourceTree = BUILT_PRODUCTS_DIR; };
		892FDE991EB2152600B1A333 /* AppDelegate.swift */ = {isa = PBXFileReference; lastKnownFileType = sourcecode.swift; path = AppDelegate.swift; sourceTree = "<group>"; };
		892FDE9B1EB2152600B1A333 /* MainTvController.swift */ = {isa = PBXFileReference; lastKnownFileType = sourcecode.swift; path = MainTvController.swift; sourceTree = "<group>"; };
		892FDE9E1EB2152600B1A333 /* Base */ = {isa = PBXFileReference; lastKnownFileType = file.storyboard; name = Base; path = Base.lproj/Main.storyboard; sourceTree = "<group>"; };
		892FDEA01EB2152600B1A333 /* Assets.xcassets */ = {isa = PBXFileReference; lastKnownFileType = folder.assetcatalog; path = Assets.xcassets; sourceTree = "<group>"; };
		892FDEA21EB2152600B1A333 /* Info.plist */ = {isa = PBXFileReference; lastKnownFileType = text.plist.xml; path = Info.plist; sourceTree = "<group>"; };
		892FDF611EB3959E00B1A333 /* CellCharacter.xib */ = {isa = PBXFileReference; fileEncoding = 4; lastKnownFileType = file.xib; path = CellCharacter.xib; sourceTree = "<group>"; };
		892FDF631EB395B300B1A333 /* CellLogs.xib */ = {isa = PBXFileReference; fileEncoding = 4; lastKnownFileType = file.xib; path = CellLogs.xib; sourceTree = "<group>"; };
		892FDF651EB396A800B1A333 /* CellCharacter.swift */ = {isa = PBXFileReference; fileEncoding = 4; lastKnownFileType = sourcecode.swift; path = CellCharacter.swift; sourceTree = "<group>"; };
		892FDF671EB396CD00B1A333 /* CellLogs.swift */ = {isa = PBXFileReference; fileEncoding = 4; lastKnownFileType = sourcecode.swift; path = CellLogs.swift; sourceTree = "<group>"; };
		892FDF691EB3CC2300B1A333 /* CellMap.xib */ = {isa = PBXFileReference; fileEncoding = 4; lastKnownFileType = file.xib; path = CellMap.xib; sourceTree = "<group>"; };
		892FDF6B1EB3CC4500B1A333 /* CellMap.swift */ = {isa = PBXFileReference; fileEncoding = 4; lastKnownFileType = sourcecode.swift; path = CellMap.swift; sourceTree = "<group>"; };
		892FDF6D1EB3DE9100B1A333 /* CellChart.swift */ = {isa = PBXFileReference; fileEncoding = 4; lastKnownFileType = sourcecode.swift; path = CellChart.swift; sourceTree = "<group>"; };
		892FDF6F1EB3DE9D00B1A333 /* CellChart.xib */ = {isa = PBXFileReference; fileEncoding = 4; lastKnownFileType = file.xib; path = CellChart.xib; sourceTree = "<group>"; };
		898E4F5A1ED5CB79006A826B /* CellBlue.swift */ = {isa = PBXFileReference; fileEncoding = 4; lastKnownFileType = sourcecode.swift; path = CellBlue.swift; sourceTree = "<group>"; };
		898E4F5E1ED5CBC6006A826B /* CellGreen.swift */ = {isa = PBXFileReference; fileEncoding = 4; lastKnownFileType = sourcecode.swift; path = CellGreen.swift; sourceTree = "<group>"; };
		898E4F621ED5CC1B006A826B /* CellYellow.swift */ = {isa = PBXFileReference; fileEncoding = 4; lastKnownFileType = sourcecode.swift; path = CellYellow.swift; sourceTree = "<group>"; };
		898E4F661ED5CCCD006A826B /* CellBlue.xib */ = {isa = PBXFileReference; fileEncoding = 4; lastKnownFileType = file.xib; path = CellBlue.xib; sourceTree = "<group>"; };
		898E4F681ED5CCE8006A826B /* CellGreen.xib */ = {isa = PBXFileReference; fileEncoding = 4; lastKnownFileType = file.xib; path = CellGreen.xib; sourceTree = "<group>"; };
		898E4F6A1ED5CCFC006A826B /* CellYellow.xib */ = {isa = PBXFileReference; fileEncoding = 4; lastKnownFileType = file.xib; path = CellYellow.xib; sourceTree = "<group>"; };
		89D4A7771EB6D6E70006E05D /* ProtocolCellRealTime.swift */ = {isa = PBXFileReference; fileEncoding = 4; lastKnownFileType = sourcecode.swift; path = ProtocolCellRealTime.swift; sourceTree = "<group>"; };
/* End PBXFileReference section */

/* Begin PBXFrameworksBuildPhase section */
		892FDE931EB2152600B1A333 /* Frameworks */ = {
			isa = PBXFrameworksBuildPhase;
			buildActionMask = 2147483647;
			files = (
				DEBE8610EB791A2522D06F93 /* Pods_Example.framework in Frameworks */,
			);
			runOnlyForDeploymentPostprocessing = 0;
		};
/* End PBXFrameworksBuildPhase section */

/* Begin PBXGroup section */
		892FDE8D1EB2152600B1A333 = {
			isa = PBXGroup;
			children = (
				892FDE981EB2152600B1A333 /* Example */,
				892FDE971EB2152600B1A333 /* Products */,
				FE8C3F42BD395E407121D73D /* Pods */,
				DB1F4469CE8AE1367958B68F /* Frameworks */,
			);
			sourceTree = "<group>";
		};
		892FDE971EB2152600B1A333 /* Products */ = {
			isa = PBXGroup;
			children = (
				892FDE961EB2152600B1A333 /* Example.app */,
			);
			name = Products;
			sourceTree = "<group>";
		};
		892FDE981EB2152600B1A333 /* Example */ = {
			isa = PBXGroup;
			children = (
				892FDE991EB2152600B1A333 /* AppDelegate.swift */,
				892FDE9B1EB2152600B1A333 /* MainTvController.swift */,
				898E4F5A1ED5CB79006A826B /* CellBlue.swift */,
				898E4F661ED5CCCD006A826B /* CellBlue.xib */,
				898E4F5E1ED5CBC6006A826B /* CellGreen.swift */,
				898E4F681ED5CCE8006A826B /* CellGreen.xib */,
				898E4F621ED5CC1B006A826B /* CellYellow.swift */,
				898E4F6A1ED5CCFC006A826B /* CellYellow.xib */,
				892FDF6B1EB3CC4500B1A333 /* CellMap.swift */,
				892FDF691EB3CC2300B1A333 /* CellMap.xib */,
				892FDF631EB395B300B1A333 /* CellLogs.xib */,
				892FDF671EB396CD00B1A333 /* CellLogs.swift */,
				892FDF6F1EB3DE9D00B1A333 /* CellChart.xib */,
				892FDF6D1EB3DE9100B1A333 /* CellChart.swift */,
				892FDF611EB3959E00B1A333 /* CellCharacter.xib */,
				892FDF651EB396A800B1A333 /* CellCharacter.swift */,
				89D4A7771EB6D6E70006E05D /* ProtocolCellRealTime.swift */,
				892FDE9D1EB2152600B1A333 /* Main.storyboard */,
				892FDEA01EB2152600B1A333 /* Assets.xcassets */,
				892FDEA21EB2152600B1A333 /* Info.plist */,
			);
			name = Example;
			path = "Example-tvOS";
			sourceTree = "<group>";
		};
		DB1F4469CE8AE1367958B68F /* Frameworks */ = {
			isa = PBXGroup;
			children = (
				54D3B896D8F4A47D3E4D1AD3 /* Pods_Example.framework */,
			);
			name = Frameworks;
			sourceTree = "<group>";
		};
		FE8C3F42BD395E407121D73D /* Pods */ = {
			isa = PBXGroup;
			children = (
				450A321AC53E42C7B0D358BE /* Pods-Example.debug.xcconfig */,
				4F0AAF96849269608D62609C /* Pods-Example.release.xcconfig */,
			);
			name = Pods;
			sourceTree = "<group>";
		};
/* End PBXGroup section */

/* Begin PBXNativeTarget section */
		892FDE951EB2152600B1A333 /* Example */ = {
			isa = PBXNativeTarget;
			buildConfigurationList = 892FDEA51EB2152600B1A333 /* Build configuration list for PBXNativeTarget "Example" */;
			buildPhases = (
				A880A6BB8D8244DFFC7F6B7C /* [CP] Check Pods Manifest.lock */,
				892FDE921EB2152600B1A333 /* Sources */,
				892FDE931EB2152600B1A333 /* Frameworks */,
				892FDE941EB2152600B1A333 /* Resources */,
				01C601B60E40D6D49C53E1EE /* [CP] Embed Pods Frameworks */,
				75F571E9807DB5A30DC8C41D /* [CP] Copy Pods Resources */,
			);
			buildRules = (
			);
			dependencies = (
			);
			name = Example;
			productName = "Example-tvOS";
			productReference = 892FDE961EB2152600B1A333 /* Example.app */;
			productType = "com.apple.product-type.application";
		};
/* End PBXNativeTarget section */

/* Begin PBXProject section */
		892FDE8E1EB2152600B1A333 /* Project object */ = {
			isa = PBXProject;
			attributes = {
				LastSwiftUpdateCheck = 0830;
				LastUpgradeCheck = 0830;
				ORGANIZATIONNAME = "Bruno Macabeus Aquino";
				TargetAttributes = {
					892FDE951EB2152600B1A333 = {
						CreatedOnToolsVersion = 8.3;
						DevelopmentTeam = 56KUK57QCP;
						ProvisioningStyle = Automatic;
					};
				};
			};
			buildConfigurationList = 892FDE911EB2152600B1A333 /* Build configuration list for PBXProject "Example" */;
			compatibilityVersion = "Xcode 3.2";
			developmentRegion = English;
			hasScannedForEncodings = 0;
			knownRegions = (
				en,
				Base,
			);
			mainGroup = 892FDE8D1EB2152600B1A333;
			productRefGroup = 892FDE971EB2152600B1A333 /* Products */;
			projectDirPath = "";
			projectRoot = "";
			targets = (
				892FDE951EB2152600B1A333 /* Example */,
			);
		};
/* End PBXProject section */

/* Begin PBXResourcesBuildPhase section */
		892FDE941EB2152600B1A333 /* Resources */ = {
			isa = PBXResourcesBuildPhase;
			buildActionMask = 2147483647;
			files = (
				892FDF641EB395B300B1A333 /* CellLogs.xib in Resources */,
				898E4F671ED5CCCD006A826B /* CellBlue.xib in Resources */,
				892FDEA11EB2152600B1A333 /* Assets.xcassets in Resources */,
				892FDF701EB3DE9D00B1A333 /* CellChart.xib in Resources */,
				898E4F6B1ED5CCFC006A826B /* CellYellow.xib in Resources */,
				892FDE9F1EB2152600B1A333 /* Main.storyboard in Resources */,
				892FDF621EB3959E00B1A333 /* CellCharacter.xib in Resources */,
				892FDF6A1EB3CC2300B1A333 /* CellMap.xib in Resources */,
				898E4F691ED5CCE8006A826B /* CellGreen.xib in Resources */,
			);
			runOnlyForDeploymentPostprocessing = 0;
		};
/* End PBXResourcesBuildPhase section */

/* Begin PBXShellScriptBuildPhase section */
		01C601B60E40D6D49C53E1EE /* [CP] Embed Pods Frameworks */ = {
			isa = PBXShellScriptBuildPhase;
			buildActionMask = 2147483647;
			files = (
			);
			inputPaths = (
			);
			name = "[CP] Embed Pods Frameworks";
			outputPaths = (
			);
			runOnlyForDeploymentPostprocessing = 0;
			shellPath = /bin/sh;
			shellScript = "\"${SRCROOT}/../Pods/Target Support Files/Pods-Example/Pods-Example-frameworks.sh\"\n";
			showEnvVarsInLog = 0;
		};
		75F571E9807DB5A30DC8C41D /* [CP] Copy Pods Resources */ = {
			isa = PBXShellScriptBuildPhase;
			buildActionMask = 2147483647;
			files = (
			);
			inputPaths = (
			);
			name = "[CP] Copy Pods Resources";
			outputPaths = (
			);
			runOnlyForDeploymentPostprocessing = 0;
			shellPath = /bin/sh;
			shellScript = "\"${SRCROOT}/../Pods/Target Support Files/Pods-Example/Pods-Example-resources.sh\"\n";
			showEnvVarsInLog = 0;
		};
		A880A6BB8D8244DFFC7F6B7C /* [CP] Check Pods Manifest.lock */ = {
			isa = PBXShellScriptBuildPhase;
			buildActionMask = 2147483647;
			files = (
			);
			inputPaths = (
			);
			name = "[CP] Check Pods Manifest.lock";
			outputPaths = (
			);
			runOnlyForDeploymentPostprocessing = 0;
			shellPath = /bin/sh;
			shellScript = "diff \"${PODS_PODFILE_DIR_PATH}/Podfile.lock\" \"${PODS_ROOT}/Manifest.lock\" > /dev/null\nif [ $? != 0 ] ; then\n    # print error to STDERR\n    echo \"error: The sandbox is not in sync with the Podfile.lock. Run 'pod install' or update your CocoaPods installation.\" >&2\n    exit 1\nfi\n";
			showEnvVarsInLog = 0;
		};
/* End PBXShellScriptBuildPhase section */

/* Begin PBXSourcesBuildPhase section */
		892FDE921EB2152600B1A333 /* Sources */ = {
			isa = PBXSourcesBuildPhase;
			buildActionMask = 2147483647;
			files = (
				892FDF681EB396CD00B1A333 /* CellLogs.swift in Sources */,
				898E4F5B1ED5CB79006A826B /* CellBlue.swift in Sources */,
				892FDE9C1EB2152600B1A333 /* MainTvController.swift in Sources */,
				892FDF661EB396A800B1A333 /* CellCharacter.swift in Sources */,
				89D4A7781EB6D6E70006E05D /* ProtocolCellRealTime.swift in Sources */,
				892FDE9A1EB2152600B1A333 /* AppDelegate.swift in Sources */,
				892FDF6E1EB3DE9100B1A333 /* CellChart.swift in Sources */,
				898E4F5F1ED5CBC6006A826B /* CellGreen.swift in Sources */,
				892FDF6C1EB3CC4500B1A333 /* CellMap.swift in Sources */,
				898E4F631ED5CC1B006A826B /* CellYellow.swift in Sources */,
			);
			runOnlyForDeploymentPostprocessing = 0;
		};
/* End PBXSourcesBuildPhase section */

/* Begin PBXVariantGroup section */
		892FDE9D1EB2152600B1A333 /* Main.storyboard */ = {
			isa = PBXVariantGroup;
			children = (
				892FDE9E1EB2152600B1A333 /* Base */,
			);
			name = Main.storyboard;
			sourceTree = "<group>";
		};
/* End PBXVariantGroup section */

/* Begin XCBuildConfiguration section */
		892FDEA31EB2152600B1A333 /* Debug */ = {
			isa = XCBuildConfiguration;
			buildSettings = {
				ALWAYS_SEARCH_USER_PATHS = NO;
				CLANG_ANALYZER_NONNULL = YES;
				CLANG_ANALYZER_NUMBER_OBJECT_CONVERSION = YES_AGGRESSIVE;
				CLANG_CXX_LANGUAGE_STANDARD = "gnu++0x";
				CLANG_CXX_LIBRARY = "libc++";
				CLANG_ENABLE_MODULES = YES;
				CLANG_ENABLE_OBJC_ARC = YES;
				CLANG_WARN_BOOL_CONVERSION = YES;
				CLANG_WARN_CONSTANT_CONVERSION = YES;
				CLANG_WARN_DIRECT_OBJC_ISA_USAGE = YES_ERROR;
				CLANG_WARN_DOCUMENTATION_COMMENTS = YES;
				CLANG_WARN_EMPTY_BODY = YES;
				CLANG_WARN_ENUM_CONVERSION = YES;
				CLANG_WARN_INFINITE_RECURSION = YES;
				CLANG_WARN_INT_CONVERSION = YES;
				CLANG_WARN_OBJC_ROOT_CLASS = YES_ERROR;
				CLANG_WARN_SUSPICIOUS_MOVE = YES;
				CLANG_WARN_UNREACHABLE_CODE = YES;
				CLANG_WARN__DUPLICATE_METHOD_MATCH = YES;
				COPY_PHASE_STRIP = NO;
				DEBUG_INFORMATION_FORMAT = dwarf;
				ENABLE_STRICT_OBJC_MSGSEND = YES;
				ENABLE_TESTABILITY = YES;
				GCC_C_LANGUAGE_STANDARD = gnu99;
				GCC_DYNAMIC_NO_PIC = NO;
				GCC_NO_COMMON_BLOCKS = YES;
				GCC_OPTIMIZATION_LEVEL = 0;
				GCC_PREPROCESSOR_DEFINITIONS = (
					"DEBUG=1",
					"$(inherited)",
				);
				GCC_WARN_64_TO_32_BIT_CONVERSION = YES;
				GCC_WARN_ABOUT_RETURN_TYPE = YES_ERROR;
				GCC_WARN_UNDECLARED_SELECTOR = YES;
				GCC_WARN_UNINITIALIZED_AUTOS = YES_AGGRESSIVE;
				GCC_WARN_UNUSED_FUNCTION = YES;
				GCC_WARN_UNUSED_VARIABLE = YES;
				MTL_ENABLE_DEBUG_INFO = YES;
				ONLY_ACTIVE_ARCH = YES;
				SDKROOT = appletvos;
				SWIFT_ACTIVE_COMPILATION_CONDITIONS = DEBUG;
				SWIFT_OPTIMIZATION_LEVEL = "-Onone";
				TARGETED_DEVICE_FAMILY = 3;
				TVOS_DEPLOYMENT_TARGET = 10.2;
			};
			name = Debug;
		};
		892FDEA41EB2152600B1A333 /* Release */ = {
			isa = XCBuildConfiguration;
			buildSettings = {
				ALWAYS_SEARCH_USER_PATHS = NO;
				CLANG_ANALYZER_NONNULL = YES;
				CLANG_ANALYZER_NUMBER_OBJECT_CONVERSION = YES_AGGRESSIVE;
				CLANG_CXX_LANGUAGE_STANDARD = "gnu++0x";
				CLANG_CXX_LIBRARY = "libc++";
				CLANG_ENABLE_MODULES = YES;
				CLANG_ENABLE_OBJC_ARC = YES;
				CLANG_WARN_BOOL_CONVERSION = YES;
				CLANG_WARN_CONSTANT_CONVERSION = YES;
				CLANG_WARN_DIRECT_OBJC_ISA_USAGE = YES_ERROR;
				CLANG_WARN_DOCUMENTATION_COMMENTS = YES;
				CLANG_WARN_EMPTY_BODY = YES;
				CLANG_WARN_ENUM_CONVERSION = YES;
				CLANG_WARN_INFINITE_RECURSION = YES;
				CLANG_WARN_INT_CONVERSION = YES;
				CLANG_WARN_OBJC_ROOT_CLASS = YES_ERROR;
				CLANG_WARN_SUSPICIOUS_MOVE = YES;
				CLANG_WARN_UNREACHABLE_CODE = YES;
				CLANG_WARN__DUPLICATE_METHOD_MATCH = YES;
				COPY_PHASE_STRIP = NO;
				DEBUG_INFORMATION_FORMAT = "dwarf-with-dsym";
				ENABLE_NS_ASSERTIONS = NO;
				ENABLE_STRICT_OBJC_MSGSEND = YES;
				GCC_C_LANGUAGE_STANDARD = gnu99;
				GCC_NO_COMMON_BLOCKS = YES;
				GCC_WARN_64_TO_32_BIT_CONVERSION = YES;
				GCC_WARN_ABOUT_RETURN_TYPE = YES_ERROR;
				GCC_WARN_UNDECLARED_SELECTOR = YES;
				GCC_WARN_UNINITIALIZED_AUTOS = YES_AGGRESSIVE;
				GCC_WARN_UNUSED_FUNCTION = YES;
				GCC_WARN_UNUSED_VARIABLE = YES;
				MTL_ENABLE_DEBUG_INFO = NO;
				SDKROOT = appletvos;
				SWIFT_OPTIMIZATION_LEVEL = "-Owholemodule";
				TARGETED_DEVICE_FAMILY = 3;
				TVOS_DEPLOYMENT_TARGET = 10.2;
				VALIDATE_PRODUCT = YES;
			};
			name = Release;
		};
		892FDEA61EB2152600B1A333 /* Debug */ = {
			isa = XCBuildConfiguration;
			baseConfigurationReference = 450A321AC53E42C7B0D358BE /* Pods-Example.debug.xcconfig */;
			buildSettings = {
				ASSETCATALOG_COMPILER_APPICON_NAME = "App Icon & Top Shelf Image";
				ASSETCATALOG_COMPILER_LAUNCHIMAGE_NAME = LaunchImage;
				DEVELOPMENT_TEAM = 56KUK57QCP;
				INFOPLIST_FILE = "Example-tvOS/Info.plist";
				LD_RUNPATH_SEARCH_PATHS = "$(inherited) @executable_path/Frameworks";
				PRODUCT_BUNDLE_IDENTIFIER = macabeus.Example;
				PRODUCT_NAME = "$(TARGET_NAME)";
				SWIFT_VERSION = 3.0;
				TVOS_DEPLOYMENT_TARGET = 10.2;
			};
			name = Debug;
		};
		892FDEA71EB2152600B1A333 /* Release */ = {
			isa = XCBuildConfiguration;
			baseConfigurationReference = 4F0AAF96849269608D62609C /* Pods-Example.release.xcconfig */;
			buildSettings = {
				ASSETCATALOG_COMPILER_APPICON_NAME = "App Icon & Top Shelf Image";
				ASSETCATALOG_COMPILER_LAUNCHIMAGE_NAME = LaunchImage;
				DEVELOPMENT_TEAM = 56KUK57QCP;
				INFOPLIST_FILE = "Example-tvOS/Info.plist";
				LD_RUNPATH_SEARCH_PATHS = "$(inherited) @executable_path/Frameworks";
				PRODUCT_BUNDLE_IDENTIFIER = macabeus.Example;
				PRODUCT_NAME = "$(TARGET_NAME)";
				SWIFT_VERSION = 3.0;
				TVOS_DEPLOYMENT_TARGET = 10.2;
			};
			name = Release;
		};
/* End XCBuildConfiguration section */

/* Begin XCConfigurationList section */
		892FDE911EB2152600B1A333 /* Build configuration list for PBXProject "Example" */ = {
			isa = XCConfigurationList;
			buildConfigurations = (
				892FDEA31EB2152600B1A333 /* Debug */,
				892FDEA41EB2152600B1A333 /* Release */,
			);
			defaultConfigurationIsVisible = 0;
			defaultConfigurationName = Release;
		};
		892FDEA51EB2152600B1A333 /* Build configuration list for PBXNativeTarget "Example" */ = {
			isa = XCConfigurationList;
			buildConfigurations = (
				892FDEA61EB2152600B1A333 /* Debug */,
				892FDEA71EB2152600B1A333 /* Release */,
			);
			defaultConfigurationIsVisible = 0;
			defaultConfigurationName = Release;
		};
/* End XCConfigurationList section */
	};
	rootObject = 892FDE8E1EB2152600B1A333 /* Project object */;
}
